// !$*UTF8*$!
{
	archiveVersion = 1;
	classes = {
	};
	objectVersion = 46;
	objects = {

/* Begin PBXBuildFile section */
		AA6B254F1DD7CDFD006087C5 /* AppDelegate.swift in Sources */ = {isa = PBXBuildFile; fileRef = AA6B254E1DD7CDFD006087C5 /* AppDelegate.swift */; };
		AA6B25511DD7CDFD006087C5 /* ViewController.swift in Sources */ = {isa = PBXBuildFile; fileRef = AA6B25501DD7CDFD006087C5 /* ViewController.swift */; };
		AA6B25541DD7CDFD006087C5 /* Main.storyboard in Resources */ = {isa = PBXBuildFile; fileRef = AA6B25521DD7CDFD006087C5 /* Main.storyboard */; };
		AA6B25561DD7CDFD006087C5 /* Assets.xcassets in Resources */ = {isa = PBXBuildFile; fileRef = AA6B25551DD7CDFD006087C5 /* Assets.xcassets */; };
		AA6B25591DD7CDFD006087C5 /* LaunchScreen.storyboard in Resources */ = {isa = PBXBuildFile; fileRef = AA6B25571DD7CDFD006087C5 /* LaunchScreen.storyboard */; };
		AA6B25641DD7CDFD006087C5 /* timerappTests.swift in Sources */ = {isa = PBXBuildFile; fileRef = AA6B25631DD7CDFD006087C5 /* timerappTests.swift */; };
/* End PBXBuildFile section */

/* Begin PBXContainerItemProxy section */
		AA6B25601DD7CDFD006087C5 /* PBXContainerItemProxy */ = {
			isa = PBXContainerItemProxy;
			containerPortal = AA6B25431DD7CDFD006087C5 /* Project object */;
			proxyType = 1;
			remoteGlobalIDString = AA6B254A1DD7CDFD006087C5;
			remoteInfo = timerapp;
		};
/* End PBXContainerItemProxy section */

/* Begin PBXFileReference section */
		AA6B254B1DD7CDFD006087C5 /* timerapp.app */ = {isa = PBXFileReference; explicitFileType = wrapper.application; includeInIndex = 0; path = timerapp.app; sourceTree = BUILT_PRODUCTS_DIR; };
		AA6B254E1DD7CDFD006087C5 /* AppDelegate.swift */ = {isa = PBXFileReference; lastKnownFileType = sourcecode.swift; path = AppDelegate.swift; sourceTree = "<group>"; };
		AA6B25501DD7CDFD006087C5 /* ViewController.swift */ = {isa = PBXFileReference; lastKnownFileType = sourcecode.swift; path = ViewController.swift; sourceTree = "<group>"; };
		AA6B25531DD7CDFD006087C5 /* Base */ = {isa = PBXFileReference; lastKnownFileType = file.storyboard; name = Base; path = Base.lproj/Main.storyboard; sourceTree = "<group>"; };
		AA6B25551DD7CDFD006087C5 /* Assets.xcassets */ = {isa = PBXFileReference; lastKnownFileType = folder.assetcatalog; path = Assets.xcassets; sourceTree = "<group>"; };
		AA6B25581DD7CDFD006087C5 /* Base */ = {isa = PBXFileReference; lastKnownFileType = file.storyboard; name = Base; path = Base.lproj/LaunchScreen.storyboard; sourceTree = "<group>"; };
		AA6B255A1DD7CDFD006087C5 /* Info.plist */ = {isa = PBXFileReference; lastKnownFileType = text.plist.xml; path = Info.plist; sourceTree = "<group>"; };
		AA6B255F1DD7CDFD006087C5 /* timerappTests.xctest */ = {isa = PBXFileReference; explicitFileType = wrapper.cfbundle; includeInIndex = 0; path = timerappTests.xctest; sourceTree = BUILT_PRODUCTS_DIR; };
		AA6B25631DD7CDFD006087C5 /* timerappTests.swift */ = {isa = PBXFileReference; lastKnownFileType = sourcecode.swift; path = timerappTests.swift; sourceTree = "<group>"; };
		AA6B25651DD7CDFD006087C5 /* Info.plist */ = {isa = PBXFileReference; lastKnownFileType = text.plist.xml; path = Info.plist; sourceTree = "<group>"; };
/* End PBXFileReference section */

/* Begin PBXFrameworksBuildPhase section */
		AA6B25481DD7CDFD006087C5 /* Frameworks */ = {
			isa = PBXFrameworksBuildPhase;
			buildActionMask = 2147483647;
			files = (
			);
			runOnlyForDeploymentPostprocessing = 0;
		};
		AA6B255C1DD7CDFD006087C5 /* Frameworks */ = {
			isa = PBXFrameworksBuildPhase;
			buildActionMask = 2147483647;
			files = (
			);
			runOnlyForDeploymentPostprocessing = 0;
		};
/* End PBXFrameworksBuildPhase section */

/* Begin PBXGroup section */
		AA6B25421DD7CDFD006087C5 = {
			isa = PBXGroup;
			children = (
				AA6B254D1DD7CDFD006087C5 /* timerapp */,
				AA6B25621DD7CDFD006087C5 /* timerappTests */,
				AA6B254C1DD7CDFD006087C5 /* Products */,
			);
			sourceTree = "<group>";
		};
		AA6B254C1DD7CDFD006087C5 /* Products */ = {
			isa = PBXGroup;
			children = (
				AA6B254B1DD7CDFD006087C5 /* timerapp.app */,
				AA6B255F1DD7CDFD006087C5 /* timerappTests.xctest */,
			);
			name = Products;
			sourceTree = "<group>";
		};
		AA6B254D1DD7CDFD006087C5 /* timerapp */ = {
			isa = PBXGroup;
			children = (
				AA6B254E1DD7CDFD006087C5 /* AppDelegate.swift */,
				AA6B25501DD7CDFD006087C5 /* ViewController.swift */,
				AA6B25521DD7CDFD006087C5 /* Main.storyboard */,
				AA6B25551DD7CDFD006087C5 /* Assets.xcassets */,
				AA6B25571DD7CDFD006087C5 /* LaunchScreen.storyboard */,
				AA6B255A1DD7CDFD006087C5 /* Info.plist */,
			);
			path = timerapp;
			sourceTree = "<group>";
		};
		AA6B25621DD7CDFD006087C5 /* timerappTests */ = {
			isa = PBXGroup;
			children = (
				AA6B25631DD7CDFD006087C5 /* timerappTests.swift */,
				AA6B25651DD7CDFD006087C5 /* Info.plist */,
			);
			path = timerappTests;
			sourceTree = "<group>";
		};
/* End PBXGroup section */

/* Begin PBXNativeTarget section */
		AA6B254A1DD7CDFD006087C5 /* timerapp */ = {
			isa = PBXNativeTarget;
			buildConfigurationList = AA6B25681DD7CDFD006087C5 /* Build configuration list for PBXNativeTarget "timerapp" */;
			buildPhases = (
				AA6B25471DD7CDFD006087C5 /* Sources */,
				AA6B25481DD7CDFD006087C5 /* Frameworks */,
				AA6B25491DD7CDFD006087C5 /* Resources */,
			);
			buildRules = (
			);
			dependencies = (
			);
			name = timerapp;
			productName = timerapp;
			productReference = AA6B254B1DD7CDFD006087C5 /* timerapp.app */;
			productType = "com.apple.product-type.application";
		};
		AA6B255E1DD7CDFD006087C5 /* timerappTests */ = {
			isa = PBXNativeTarget;
			buildConfigurationList = AA6B256B1DD7CDFD006087C5 /* Build configuration list for PBXNativeTarget "timerappTests" */;
			buildPhases = (
				AA6B255B1DD7CDFD006087C5 /* Sources */,
				AA6B255C1DD7CDFD006087C5 /* Frameworks */,
				AA6B255D1DD7CDFD006087C5 /* Resources */,
			);
			buildRules = (
			);
			dependencies = (
				AA6B25611DD7CDFD006087C5 /* PBXTargetDependency */,
			);
			name = timerappTests;
			productName = timerappTests;
			productReference = AA6B255F1DD7CDFD006087C5 /* timerappTests.xctest */;
			productType = "com.apple.product-type.bundle.unit-test";
		};
/* End PBXNativeTarget section */

/* Begin PBXProject section */
		AA6B25431DD7CDFD006087C5 /* Project object */ = {
			isa = PBXProject;
			attributes = {
				LastSwiftUpdateCheck = 0810;
				LastUpgradeCheck = 0810;
				ORGANIZATIONNAME = Workouts;
				TargetAttributes = {
					AA6B254A1DD7CDFD006087C5 = {
						CreatedOnToolsVersion = 8.1;
						ProvisioningStyle = Automatic;
					};
					AA6B255E1DD7CDFD006087C5 = {
						CreatedOnToolsVersion = 8.1;
						ProvisioningStyle = Automatic;
						TestTargetID = AA6B254A1DD7CDFD006087C5;
					};
				};
			};
			buildConfigurationList = AA6B25461DD7CDFD006087C5 /* Build configuration list for PBXProject "timerapp" */;
			compatibilityVersion = "Xcode 3.2";
			developmentRegion = English;
			hasScannedForEncodings = 0;
			knownRegions = (
				en,
				Base,
			);
			mainGroup = AA6B25421DD7CDFD006087C5;
			productRefGroup = AA6B254C1DD7CDFD006087C5 /* Products */;
			projectDirPath = "";
			projectRoot = "";
			targets = (
				AA6B254A1DD7CDFD006087C5 /* timerapp */,
				AA6B255E1DD7CDFD006087C5 /* timerappTests */,
			);
		};
/* End PBXProject section */

/* Begin PBXResourcesBuildPhase section */
		AA6B25491DD7CDFD006087C5 /* Resources */ = {
			isa = PBXResourcesBuildPhase;
			buildActionMask = 2147483647;
			files = (
				AA6B25591DD7CDFD006087C5 /* LaunchScreen.storyboard in Resources */,
				AA6B25561DD7CDFD006087C5 /* Assets.xcassets in Resources */,
				AA6B25541DD7CDFD006087C5 /* Main.storyboard in Resources */,
			);
			runOnlyForDeploymentPostprocessing = 0;
		};
		AA6B255D1DD7CDFD006087C5 /* Resources */ = {
			isa = PBXResourcesBuildPhase;
			buildActionMask = 2147483647;
			files = (
			);
			runOnlyForDeploymentPostprocessing = 0;
		};
/* End PBXResourcesBuildPhase section */

/* Begin PBXSourcesBuildPhase section */
		AA6B25471DD7CDFD006087C5 /* Sources */ = {
			isa = PBXSourcesBuildPhase;
			buildActionMask = 2147483647;
			files = (
				AA6B25511DD7CDFD006087C5 /* ViewController.swift in Sources */,
				AA6B254F1DD7CDFD006087C5 /* AppDelegate.swift in Sources */,
			);
			runOnlyForDeploymentPostprocessing = 0;
		};
		AA6B255B1DD7CDFD006087C5 /* Sources */ = {
			isa = PBXSourcesBuildPhase;
			buildActionMask = 2147483647;
			files = (
				AA6B25641DD7CDFD006087C5 /* timerappTests.swift in Sources */,
			);
			runOnlyForDeploymentPostprocessing = 0;
		};
/* End PBXSourcesBuildPhase section */

/* Begin PBXTargetDependency section */
		AA6B25611DD7CDFD006087C5 /* PBXTargetDependency */ = {
			isa = PBXTargetDependency;
			target = AA6B254A1DD7CDFD006087C5 /* timerapp */;
			targetProxy = AA6B25601DD7CDFD006087C5 /* PBXContainerItemProxy */;
		};
/* End PBXTargetDependency section */

/* Begin PBXVariantGroup section */
		AA6B25521DD7CDFD006087C5 /* Main.storyboard */ = {
			isa = PBXVariantGroup;
			children = (
				AA6B25531DD7CDFD006087C5 /* Base */,
			);
			name = Main.storyboard;
			sourceTree = "<group>";
		};
		AA6B25571DD7CDFD006087C5 /* LaunchScreen.storyboard */ = {
			isa = PBXVariantGroup;
			children = (
				AA6B25581DD7CDFD006087C5 /* Base */,
			);
			name = LaunchScreen.storyboard;
			sourceTree = "<group>";
		};
/* End PBXVariantGroup section */

/* Begin XCBuildConfiguration section */
		AA6B25661DD7CDFD006087C5 /* Debug */ = {
			isa = XCBuildConfiguration;
			buildSettings = {
				ALWAYS_SEARCH_USER_PATHS = NO;
				CLANG_ANALYZER_NONNULL = YES;
				CLANG_CXX_LANGUAGE_STANDARD = "gnu++0x";
				CLANG_CXX_LIBRARY = "libc++";
				CLANG_ENABLE_MODULES = YES;
				CLANG_ENABLE_OBJC_ARC = YES;
				CLANG_WARN_BOOL_CONVERSION = YES;
				CLANG_WARN_CONSTANT_CONVERSION = YES;
				CLANG_WARN_DIRECT_OBJC_ISA_USAGE = YES_ERROR;
				CLANG_WARN_DOCUMENTATION_COMMENTS = YES;
				CLANG_WARN_EMPTY_BODY = YES;
				CLANG_WARN_ENUM_CONVERSION = YES;
				CLANG_WARN_INFINITE_RECURSION = YES;
				CLANG_WARN_INT_CONVERSION = YES;
				CLANG_WARN_OBJC_ROOT_CLASS = YES_ERROR;
				CLANG_WARN_SUSPICIOUS_MOVES = YES;
				CLANG_WARN_UNREACHABLE_CODE = YES;
				CLANG_WARN__DUPLICATE_METHOD_MATCH = YES;
				"CODE_SIGN_IDENTITY[sdk=iphoneos*]" = "iPhone Developer";
				COPY_PHASE_STRIP = NO;
				DEBUG_INFORMATION_FORMAT = dwarf;
				ENABLE_STRICT_OBJC_MSGSEND = YES;
				ENABLE_TESTABILITY = YES;
				GCC_C_LANGUAGE_STANDARD = gnu99;
				GCC_DYNAMIC_NO_PIC = NO;
				GCC_NO_COMMON_BLOCKS = YES;
				GCC_OPTIMIZATION_LEVEL = 0;
				GCC_PREPROCESSOR_DEFINITIONS = (
					"DEBUG=1",
					"$(inherited)",
				);
				GCC_WARN_64_TO_32_BIT_CONVERSION = YES;
				GCC_WARN_ABOUT_RETURN_TYPE = YES_ERROR;
				GCC_WARN_UNDECLARED_SELECTOR = YES;
				GCC_WARN_UNINITIALIZED_AUTOS = YES_AGGRESSIVE;
				GCC_WARN_UNUSED_FUNCTION = YES;
				GCC_WARN_UNUSED_VARIABLE = YES;
				IPHONEOS_DEPLOYMENT_TARGET = 10.1;
				MTL_ENABLE_DEBUG_INFO = YES;
				ONLY_ACTIVE_ARCH = YES;
				SDKROOT = iphoneos;
				SWIFT_ACTIVE_COMPILATION_CONDITIONS = DEBUG;
				SWIFT_OPTIMIZATION_LEVEL = "-Onone";
				TARGETED_DEVICE_FAMILY = "1,2";
			};
			name = Debug;
		};
		AA6B25671DD7CDFD006087C5 /* Release */ = {
			isa = XCBuildConfiguration;
			buildSettings = {
				ALWAYS_SEARCH_USER_PATHS = NO;
				CLANG_ANALYZER_NONNULL = YES;
				CLANG_CXX_LANGUAGE_STANDARD = "gnu++0x";
				CLANG_CXX_LIBRARY = "libc++";
				CLANG_ENABLE_MODULES = YES;
				CLANG_ENABLE_OBJC_ARC = YES;
				CLANG_WARN_BOOL_CONVERSION = YES;
				CLANG_WARN_CONSTANT_CONVERSION = YES;
				CLANG_WARN_DIRECT_OBJC_ISA_USAGE = YES_ERROR;
				CLANG_WARN_DOCUMENTATION_COMMENTS = YES;
				CLANG_WARN_EMPTY_BODY = YES;
				CLANG_WARN_ENUM_CONVERSION = YES;
				CLANG_WARN_INFINITE_RECURSION = YES;
				CLANG_WARN_INT_CONVERSION = YES;
				CLANG_WARN_OBJC_ROOT_CLASS = YES_ERROR;
				CLANG_WARN_SUSPICIOUS_MOVES = YES;
				CLANG_WARN_UNREACHABLE_CODE = YES;
				CLANG_WARN__DUPLICATE_METHOD_MATCH = YES;
				"CODE_SIGN_IDENTITY[sdk=iphoneos*]" = "iPhone Developer";
				COPY_PHASE_STRIP = NO;
				DEBUG_INFORMATION_FORMAT = "dwarf-with-dsym";
				ENABLE_NS_ASSERTIONS = NO;
				ENABLE_STRICT_OBJC_MSGSEND = YES;
				GCC_C_LANGUAGE_STANDARD = gnu99;
				GCC_NO_COMMON_BLOCKS = YES;
				GCC_WARN_64_TO_32_BIT_CONVERSION = YES;
				GCC_WARN_ABOUT_RETURN_TYPE = YES_ERROR;
				GCC_WARN_UNDECLARED_SELECTOR = YES;
				GCC_WARN_UNINITIALIZED_AUTOS = YES_AGGRESSIVE;
				GCC_WARN_UNUSED_FUNCTION = YES;
				GCC_WARN_UNUSED_VARIABLE = YES;
				IPHONEOS_DEPLOYMENT_TARGET = 10.1;
				MTL_ENABLE_DEBUG_INFO = NO;
				SDKROOT = iphoneos;
				SWIFT_OPTIMIZATION_LEVEL = "-Owholemodule";
				TARGETED_DEVICE_FAMILY = "1,2";
				VALIDATE_PRODUCT = YES;
			};
			name = Release;
		};
		AA6B25691DD7CDFD006087C5 /* Debug */ = {
			isa = XCBuildConfiguration;
			buildSettings = {
				ASSETCATALOG_COMPILER_APPICON_NAME = AppIcon;
				INFOPLIST_FILE = timerapp/Info.plist;
				LD_RUNPATH_SEARCH_PATHS = "$(inherited) @executable_path/Frameworks";
				PRODUCT_BUNDLE_IDENTIFIER = com.workout.timerapp;
				PRODUCT_NAME = "$(TARGET_NAME)";
				SWIFT_VERSION = 3.0;
			};
			name = Debug;
		};
		AA6B256A1DD7CDFD006087C5 /* Release */ = {
			isa = XCBuildConfiguration;
			buildSettings = {
				ASSETCATALOG_COMPILER_APPICON_NAME = AppIcon;
				INFOPLIST_FILE = timerapp/Info.plist;
				LD_RUNPATH_SEARCH_PATHS = "$(inherited) @executable_path/Frameworks";
				PRODUCT_BUNDLE_IDENTIFIER = com.workout.timerapp;
				PRODUCT_NAME = "$(TARGET_NAME)";
				SWIFT_VERSION = 3.0;
			};
			name = Release;
		};
		AA6B256C1DD7CDFD006087C5 /* Debug */ = {
			isa = XCBuildConfiguration;
			buildSettings = {
				ALWAYS_EMBED_SWIFT_STANDARD_LIBRARIES = YES;
				BUNDLE_LOADER = "$(TEST_HOST)";
				INFOPLIST_FILE = timerappTests/Info.plist;
				LD_RUNPATH_SEARCH_PATHS = "$(inherited) @executable_path/Frameworks @loader_path/Frameworks";
				PRODUCT_BUNDLE_IDENTIFIER = com.workout.timerappTests;
				PRODUCT_NAME = "$(TARGET_NAME)";
				SWIFT_VERSION = 3.0;
				TEST_HOST = "$(BUILT_PRODUCTS_DIR)/timerapp.app/timerapp";
			};
			name = Debug;
		};
		AA6B256D1DD7CDFD006087C5 /* Release */ = {
			isa = XCBuildConfiguration;
			buildSettings = {
				ALWAYS_EMBED_SWIFT_STANDARD_LIBRARIES = YES;
				BUNDLE_LOADER = "$(TEST_HOST)";
				INFOPLIST_FILE = timerappTests/Info.plist;
				LD_RUNPATH_SEARCH_PATHS = "$(inherited) @executable_path/Frameworks @loader_path/Frameworks";
				PRODUCT_BUNDLE_IDENTIFIER = com.workout.timerappTests;
				PRODUCT_NAME = "$(TARGET_NAME)";
				SWIFT_VERSION = 3.0;
				TEST_HOST = "$(BUILT_PRODUCTS_DIR)/timerapp.app/timerapp";
			};
			name = Release;
		};
/* End XCBuildConfiguration section */

/* Begin XCConfigurationList section */
		AA6B25461DD7CDFD006087C5 /* Build configuration list for PBXProject "timerapp" */ = {
			isa = XCConfigurationList;
			buildConfigurations = (
				AA6B25661DD7CDFD006087C5 /* Debug */,
				AA6B25671DD7CDFD006087C5 /* Release */,
			);
			defaultConfigurationIsVisible = 0;
			defaultConfigurationName = Release;
		};
		AA6B25681DD7CDFD006087C5 /* Build configuration list for PBXNativeTarget "timerapp" */ = {
			isa = XCConfigurationList;
			buildConfigurations = (
				AA6B25691DD7CDFD006087C5 /* Debug */,
				AA6B256A1DD7CDFD006087C5 /* Release */,
			);
			defaultConfigurationIsVisible = 0;
		};
		AA6B256B1DD7CDFD006087C5 /* Build configuration list for PBXNativeTarget "timerappTests" */ = {
			isa = XCConfigurationList;
			buildConfigurations = (
				AA6B256C1DD7CDFD006087C5 /* Debug */,
				AA6B256D1DD7CDFD006087C5 /* Release */,
			);
			defaultConfigurationIsVisible = 0;
		};
/* End XCConfigurationList section */
	};
	rootObject = AA6B25431DD7CDFD006087C5 /* Project object */;
}
